// !$*UTF8*$!
{
	archiveVersion = 1;
	classes = {
	};
	objectVersion = 50;
	objects = {

/* Begin PBXBuildFile section */
		3D0AC84C22A54B29003F458C /* AppDelegate.swift in Sources */ = {isa = PBXBuildFile; fileRef = 3D0AC84B22A54B29003F458C /* AppDelegate.swift */; };
		3D0AC85122A54B29003F458C /* Main.storyboard in Resources */ = {isa = PBXBuildFile; fileRef = 3D0AC84F22A54B29003F458C /* Main.storyboard */; };
		3D0AC85422A54B2A003F458C /* NoteToDo.xcdatamodeld in Sources */ = {isa = PBXBuildFile; fileRef = 3D0AC85222A54B2A003F458C /* NoteToDo.xcdatamodeld */; };
		3D0AC85622A54B31003F458C /* Assets.xcassets in Resources */ = {isa = PBXBuildFile; fileRef = 3D0AC85522A54B31003F458C /* Assets.xcassets */; };
		3D0AC85922A54B31003F458C /* LaunchScreen.storyboard in Resources */ = {isa = PBXBuildFile; fileRef = 3D0AC85722A54B31003F458C /* LaunchScreen.storyboard */; };
		3D0AC86B22A55495003F458C /* MemoListVC.swift in Sources */ = {isa = PBXBuildFile; fileRef = 3D0AC86A22A55495003F458C /* MemoListVC.swift */; };
		3D0AC86F22A554D9003F458C /* MemoFormVC.swift in Sources */ = {isa = PBXBuildFile; fileRef = 3D0AC86E22A554D9003F458C /* MemoFormVC.swift */; };
		3D0AC87122A55500003F458C /* MemoReadVC.swift in Sources */ = {isa = PBXBuildFile; fileRef = 3D0AC87022A55500003F458C /* MemoReadVC.swift */; };
		3D0AC87322A5551B003F458C /* MemoCell.swift in Sources */ = {isa = PBXBuildFile; fileRef = 3D0AC87222A5551B003F458C /* MemoCell.swift */; };
		3D0AC87522A55803003F458C /* MemoData.swift in Sources */ = {isa = PBXBuildFile; fileRef = 3D0AC87422A55803003F458C /* MemoData.swift */; };
		3DA0811722B12FB400522D89 /* MemoDao.swift in Sources */ = {isa = PBXBuildFile; fileRef = 3DA0811622B12FB400522D89 /* MemoDao.swift */; };
		3DB2783122A6848C002C736C /* DatePickerVC.swift in Sources */ = {isa = PBXBuildFile; fileRef = 3DB2783022A6848B002C736C /* DatePickerVC.swift */; };
/* End PBXBuildFile section */

/* Begin PBXFileReference section */
		3D0AC84822A54B29003F458C /* NoteToDo.app */ = {isa = PBXFileReference; explicitFileType = wrapper.application; includeInIndex = 0; path = NoteToDo.app; sourceTree = BUILT_PRODUCTS_DIR; };
		3D0AC84B22A54B29003F458C /* AppDelegate.swift */ = {isa = PBXFileReference; lastKnownFileType = sourcecode.swift; path = AppDelegate.swift; sourceTree = "<group>"; };
		3D0AC85022A54B29003F458C /* Base */ = {isa = PBXFileReference; lastKnownFileType = file.storyboard; name = Base; path = Base.lproj/Main.storyboard; sourceTree = "<group>"; };
		3D0AC85322A54B2A003F458C /* NoteToDo.xcdatamodel */ = {isa = PBXFileReference; lastKnownFileType = wrapper.xcdatamodel; path = NoteToDo.xcdatamodel; sourceTree = "<group>"; };
		3D0AC85522A54B31003F458C /* Assets.xcassets */ = {isa = PBXFileReference; lastKnownFileType = folder.assetcatalog; path = Assets.xcassets; sourceTree = "<group>"; };
		3D0AC85822A54B31003F458C /* Base */ = {isa = PBXFileReference; lastKnownFileType = file.storyboard; name = Base; path = Base.lproj/LaunchScreen.storyboard; sourceTree = "<group>"; };
		3D0AC85A22A54B31003F458C /* Info.plist */ = {isa = PBXFileReference; lastKnownFileType = text.plist.xml; path = Info.plist; sourceTree = "<group>"; };
		3D0AC86A22A55495003F458C /* MemoListVC.swift */ = {isa = PBXFileReference; lastKnownFileType = sourcecode.swift; name = MemoListVC.swift; path = ../VIew/MemoListVC.swift; sourceTree = "<group>"; };
		3D0AC86E22A554D9003F458C /* MemoFormVC.swift */ = {isa = PBXFileReference; lastKnownFileType = sourcecode.swift; name = MemoFormVC.swift; path = ../VIew/MemoFormVC.swift; sourceTree = "<group>"; };
		3D0AC87022A55500003F458C /* MemoReadVC.swift */ = {isa = PBXFileReference; lastKnownFileType = sourcecode.swift; name = MemoReadVC.swift; path = ../VIew/MemoReadVC.swift; sourceTree = "<group>"; };
		3D0AC87222A5551B003F458C /* MemoCell.swift */ = {isa = PBXFileReference; lastKnownFileType = sourcecode.swift; name = MemoCell.swift; path = ../VIew/MemoCell.swift; sourceTree = "<group>"; };
		3D0AC87422A55803003F458C /* MemoData.swift */ = {isa = PBXFileReference; lastKnownFileType = sourcecode.swift; path = MemoData.swift; sourceTree = "<group>"; };
		3DA0811622B12FB400522D89 /* MemoDao.swift */ = {isa = PBXFileReference; lastKnownFileType = sourcecode.swift; name = MemoDao.swift; path = NoteToDo/MemoDao.swift; sourceTree = SOURCE_ROOT; };
		3DB2783022A6848B002C736C /* DatePickerVC.swift */ = {isa = PBXFileReference; lastKnownFileType = sourcecode.swift; name = DatePickerVC.swift; path = ../VIew/DatePickerVC.swift; sourceTree = "<group>"; };
/* End PBXFileReference section */

/* Begin PBXFrameworksBuildPhase section */
		3D0AC84522A54B29003F458C /* Frameworks */ = {
			isa = PBXFrameworksBuildPhase;
			buildActionMask = 2147483647;
			files = (
			);
			runOnlyForDeploymentPostprocessing = 0;
		};
/* End PBXFrameworksBuildPhase section */

/* Begin PBXGroup section */
		3D0AC83F22A54B29003F458C = {
			isa = PBXGroup;
			children = (
				3D0AC84A22A54B29003F458C /* NoteToDo */,
				3D0AC84922A54B29003F458C /* Products */,
			);
			sourceTree = "<group>";
		};
		3D0AC84922A54B29003F458C /* Products */ = {
			isa = PBXGroup;
			children = (
				3D0AC84822A54B29003F458C /* NoteToDo.app */,
			);
			name = Products;
			sourceTree = "<group>";
		};
		3D0AC84A22A54B29003F458C /* NoteToDo */ = {
			isa = PBXGroup;
			children = (
				3D0AC84B22A54B29003F458C /* AppDelegate.swift */,
				3DAE69F122AD0D4C002F0693 /* Model */,
				3DAE69F222AD0FA9002F0693 /* VIew */,
				3DAE69F622AD1147002F0693 /* controller */,
				3D0AC84F22A54B29003F458C /* Main.storyboard */,
				3D0AC85522A54B31003F458C /* Assets.xcassets */,
				3D0AC85722A54B31003F458C /* LaunchScreen.storyboard */,
				3D0AC85A22A54B31003F458C /* Info.plist */,
				3D0AC85222A54B2A003F458C /* NoteToDo.xcdatamodeld */,
			);
			path = NoteToDo;
			sourceTree = "<group>";
		};
		3DAE69F122AD0D4C002F0693 /* Model */ = {
			isa = PBXGroup;
			children = (
				3D0AC87422A55803003F458C /* MemoData.swift */,
			);
			path = Model;
			sourceTree = "<group>";
		};
		3DAE69F222AD0FA9002F0693 /* VIew */ = {
			isa = PBXGroup;
			children = (
				3DA0811622B12FB400522D89 /* MemoDao.swift */,
			);
			path = VIew;
			sourceTree = "<group>";
		};
		3DAE69F622AD1147002F0693 /* controller */ = {
			isa = PBXGroup;
			children = (
				3D0AC86A22A55495003F458C /* MemoListVC.swift */,
				3D0AC87222A5551B003F458C /* MemoCell.swift */,
				3D0AC86E22A554D9003F458C /* MemoFormVC.swift */,
				3D0AC87022A55500003F458C /* MemoReadVC.swift */,
				3DB2783022A6848B002C736C /* DatePickerVC.swift */,
			);
			path = controller;
			sourceTree = "<group>";
		};
/* End PBXGroup section */

/* Begin PBXNativeTarget section */
		3D0AC84722A54B29003F458C /* NoteToDo */ = {
			isa = PBXNativeTarget;
			buildConfigurationList = 3D0AC85D22A54B31003F458C /* Build configuration list for PBXNativeTarget "NoteToDo" */;
			buildPhases = (
				3D0AC84422A54B29003F458C /* Sources */,
				3D0AC84522A54B29003F458C /* Frameworks */,
				3D0AC84622A54B29003F458C /* Resources */,
			);
			buildRules = (
			);
			dependencies = (
			);
			name = NoteToDo;
			productName = NoteToDo;
			productReference = 3D0AC84822A54B29003F458C /* NoteToDo.app */;
			productType = "com.apple.product-type.application";
		};
/* End PBXNativeTarget section */

/* Begin PBXProject section */
		3D0AC84022A54B29003F458C /* Project object */ = {
			isa = PBXProject;
			attributes = {
				LastSwiftUpdateCheck = 1020;
				LastUpgradeCheck = 1020;
				ORGANIZATIONNAME = Kang;
				TargetAttributes = {
					3D0AC84722A54B29003F458C = {
						CreatedOnToolsVersion = 10.2.1;
					};
				};
			};
			buildConfigurationList = 3D0AC84322A54B29003F458C /* Build configuration list for PBXProject "NoteToDo" */;
			compatibilityVersion = "Xcode 9.3";
			developmentRegion = en;
			hasScannedForEncodings = 0;
			knownRegions = (
				en,
				Base,
			);
			mainGroup = 3D0AC83F22A54B29003F458C;
			productRefGroup = 3D0AC84922A54B29003F458C /* Products */;
			projectDirPath = "";
			projectRoot = "";
			targets = (
				3D0AC84722A54B29003F458C /* NoteToDo */,
			);
		};
/* End PBXProject section */

/* Begin PBXResourcesBuildPhase section */
		3D0AC84622A54B29003F458C /* Resources */ = {
			isa = PBXResourcesBuildPhase;
			buildActionMask = 2147483647;
			files = (
				3D0AC85922A54B31003F458C /* LaunchScreen.storyboard in Resources */,
				3D0AC85622A54B31003F458C /* Assets.xcassets in Resources */,
				3D0AC85122A54B29003F458C /* Main.storyboard in Resources */,
			);
			runOnlyForDeploymentPostprocessing = 0;
		};
/* End PBXResourcesBuildPhase section */

/* Begin PBXSourcesBuildPhase section */
		3D0AC84422A54B29003F458C /* Sources */ = {
			isa = PBXSourcesBuildPhase;
			buildActionMask = 2147483647;
			files = (
				3D0AC86B22A55495003F458C /* MemoListVC.swift in Sources */,
				3D0AC87122A55500003F458C /* MemoReadVC.swift in Sources */,
				3DB2783122A6848C002C736C /* DatePickerVC.swift in Sources */,
				3D0AC84C22A54B29003F458C /* AppDelegate.swift in Sources */,
				3D0AC87522A55803003F458C /* MemoData.swift in Sources */,
				3DA0811722B12FB400522D89 /* MemoDao.swift in Sources */,
				3D0AC86F22A554D9003F458C /* MemoFormVC.swift in Sources */,
				3D0AC85422A54B2A003F458C /* NoteToDo.xcdatamodeld in Sources */,
				3D0AC87322A5551B003F458C /* MemoCell.swift in Sources */,
			);
			runOnlyForDeploymentPostprocessing = 0;
		};
/* End PBXSourcesBuildPhase section */

/* Begin PBXVariantGroup section */
		3D0AC84F22A54B29003F458C /* Main.storyboard */ = {
			isa = PBXVariantGroup;
			children = (
				3D0AC85022A54B29003F458C /* Base */,
			);
			name = Main.storyboard;
			sourceTree = "<group>";
		};
		3D0AC85722A54B31003F458C /* LaunchScreen.storyboard */ = {
			isa = PBXVariantGroup;
			children = (
				3D0AC85822A54B31003F458C /* Base */,
			);
			name = LaunchScreen.storyboard;
			sourceTree = "<group>";
		};
/* End PBXVariantGroup section */

/* Begin XCBuildConfiguration section */
		3D0AC85B22A54B31003F458C /* Debug */ = {
			isa = XCBuildConfiguration;
			buildSettings = {
				ALWAYS_SEARCH_USER_PATHS = NO;
				CLANG_ANALYZER_NONNULL = YES;
				CLANG_ANALYZER_NUMBER_OBJECT_CONVERSION = YES_AGGRESSIVE;
				CLANG_CXX_LANGUAGE_STANDARD = "gnu++14";
				CLANG_CXX_LIBRARY = "libc++";
				CLANG_ENABLE_MODULES = YES;
				CLANG_ENABLE_OBJC_ARC = YES;
				CLANG_ENABLE_OBJC_WEAK = YES;
				CLANG_WARN_BLOCK_CAPTURE_AUTORELEASING = YES;
				CLANG_WARN_BOOL_CONVERSION = YES;
				CLANG_WARN_COMMA = YES;
				CLANG_WARN_CONSTANT_CONVERSION = YES;
				CLANG_WARN_DEPRECATED_OBJC_IMPLEMENTATIONS = YES;
				CLANG_WARN_DIRECT_OBJC_ISA_USAGE = YES_ERROR;
				CLANG_WARN_DOCUMENTATION_COMMENTS = YES;
				CLANG_WARN_EMPTY_BODY = YES;
				CLANG_WARN_ENUM_CONVERSION = YES;
				CLANG_WARN_INFINITE_RECURSION = YES;
				CLANG_WARN_INT_CONVERSION = YES;
				CLANG_WARN_NON_LITERAL_NULL_CONVERSION = YES;
				CLANG_WARN_OBJC_IMPLICIT_RETAIN_SELF = YES;
				CLANG_WARN_OBJC_LITERAL_CONVERSION = YES;
				CLANG_WARN_OBJC_ROOT_CLASS = YES_ERROR;
				CLANG_WARN_RANGE_LOOP_ANALYSIS = YES;
				CLANG_WARN_STRICT_PROTOTYPES = YES;
				CLANG_WARN_SUSPICIOUS_MOVE = YES;
				CLANG_WARN_UNGUARDED_AVAILABILITY = YES_AGGRESSIVE;
				CLANG_WARN_UNREACHABLE_CODE = YES;
				CLANG_WARN__DUPLICATE_METHOD_MATCH = YES;
				CODE_SIGN_IDENTITY = "iPhone Developer";
				COPY_PHASE_STRIP = NO;
				DEBUG_INFORMATION_FORMAT = dwarf;
				ENABLE_STRICT_OBJC_MSGSEND = YES;
				ENABLE_TESTABILITY = YES;
				GCC_C_LANGUAGE_STANDARD = gnu11;
				GCC_DYNAMIC_NO_PIC = NO;
				GCC_NO_COMMON_BLOCKS = YES;
				GCC_OPTIMIZATION_LEVEL = 0;
				GCC_PREPROCESSOR_DEFINITIONS = (
					"DEBUG=1",
					"$(inherited)",
				);
				GCC_WARN_64_TO_32_BIT_CONVERSION = YES;
				GCC_WARN_ABOUT_RETURN_TYPE = YES_ERROR;
				GCC_WARN_UNDECLARED_SELECTOR = YES;
				GCC_WARN_UNINITIALIZED_AUTOS = YES_AGGRESSIVE;
				GCC_WARN_UNUSED_FUNCTION = YES;
				GCC_WARN_UNUSED_VARIABLE = YES;
				IPHONEOS_DEPLOYMENT_TARGET = 12.1;
				MTL_ENABLE_DEBUG_INFO = INCLUDE_SOURCE;
				MTL_FAST_MATH = YES;
				ONLY_ACTIVE_ARCH = YES;
				SDKROOT = iphoneos;
				SWIFT_ACTIVE_COMPILATION_CONDITIONS = DEBUG;
				SWIFT_OPTIMIZATION_LEVEL = "-Onone";
			};
			name = Debug;
		};
		3D0AC85C22A54B31003F458C /* Release */ = {
			isa = XCBuildConfiguration;
			buildSettings = {
				ALWAYS_SEARCH_USER_PATHS = NO;
				CLANG_ANALYZER_NONNULL = YES;
				CLANG_ANALYZER_NUMBER_OBJECT_CONVERSION = YES_AGGRESSIVE;
				CLANG_CXX_LANGUAGE_STANDARD = "gnu++14";
				CLANG_CXX_LIBRARY = "libc++";
				CLANG_ENABLE_MODULES = YES;
				CLANG_ENABLE_OBJC_ARC = YES;
				CLANG_ENABLE_OBJC_WEAK = YES;
				CLANG_WARN_BLOCK_CAPTURE_AUTORELEASING = YES;
				CLANG_WARN_BOOL_CONVERSION = YES;
				CLANG_WARN_COMMA = YES;
				CLANG_WARN_CONSTANT_CONVERSION = YES;
				CLANG_WARN_DEPRECATED_OBJC_IMPLEMENTATIONS = YES;
				CLANG_WARN_DIRECT_OBJC_ISA_USAGE = YES_ERROR;
				CLANG_WARN_DOCUMENTATION_COMMENTS = YES;
				CLANG_WARN_EMPTY_BODY = YES;
				CLANG_WARN_ENUM_CONVERSION = YES;
				CLANG_WARN_INFINITE_RECURSION = YES;
				CLANG_WARN_INT_CONVERSION = YES;
				CLANG_WARN_NON_LITERAL_NULL_CONVERSION = YES;
				CLANG_WARN_OBJC_IMPLICIT_RETAIN_SELF = YES;
				CLANG_WARN_OBJC_LITERAL_CONVERSION = YES;
				CLANG_WARN_OBJC_ROOT_CLASS = YES_ERROR;
				CLANG_WARN_RANGE_LOOP_ANALYSIS = YES;
				CLANG_WARN_STRICT_PROTOTYPES = YES;
				CLANG_WARN_SUSPICIOUS_MOVE = YES;
				CLANG_WARN_UNGUARDED_AVAILABILITY = YES_AGGRESSIVE;
				CLANG_WARN_UNREACHABLE_CODE = YES;
				CLANG_WARN__DUPLICATE_METHOD_MATCH = YES;
				CODE_SIGN_IDENTITY = "iPhone Developer";
				COPY_PHASE_STRIP = NO;
				DEBUG_INFORMATION_FORMAT = "dwarf-with-dsym";
				ENABLE_NS_ASSERTIONS = NO;
				ENABLE_STRICT_OBJC_MSGSEND = YES;
				GCC_C_LANGUAGE_STANDARD = gnu11;
				GCC_NO_COMMON_BLOCKS = YES;
				GCC_WARN_64_TO_32_BIT_CONVERSION = YES;
				GCC_WARN_ABOUT_RETURN_TYPE = YES_ERROR;
				GCC_WARN_UNDECLARED_SELECTOR = YES;
				GCC_WARN_UNINITIALIZED_AUTOS = YES_AGGRESSIVE;
				GCC_WARN_UNUSED_FUNCTION = YES;
				GCC_WARN_UNUSED_VARIABLE = YES;
				IPHONEOS_DEPLOYMENT_TARGET = 12.1;
				MTL_ENABLE_DEBUG_INFO = NO;
				MTL_FAST_MATH = YES;
				SDKROOT = iphoneos;
				SWIFT_COMPILATION_MODE = wholemodule;
				SWIFT_OPTIMIZATION_LEVEL = "-O";
				VALIDATE_PRODUCT = YES;
			};
			name = Release;
		};
		3D0AC85E22A54B31003F458C /* Debug */ = {
			isa = XCBuildConfiguration;
			buildSettings = {
				ASSETCATALOG_COMPILER_APPICON_NAME = AppIcon;
				CODE_SIGN_STYLE = Automatic;
				INFOPLIST_FILE = NoteToDo/Info.plist;
				IPHONEOS_DEPLOYMENT_TARGET = 12.1;
				LD_RUNPATH_SEARCH_PATHS = (
					"$(inherited)",
					"@executable_path/Frameworks",
				);
				PRODUCT_BUNDLE_IDENTIFIER = mjc.ac.kr.NoteToDo;
				PRODUCT_NAME = "$(TARGET_NAME)";
				SWIFT_VERSION = 4.2;
				TARGETED_DEVICE_FAMILY = "1,2";
			};
			name = Debug;
		};
		3D0AC85F22A54B31003F458C /* Release */ = {
			isa = XCBuildConfiguration;
			buildSettings = {
				ASSETCATALOG_COMPILER_APPICON_NAME = AppIcon;
				CODE_SIGN_STYLE = Automatic;
				INFOPLIST_FILE = NoteToDo/Info.plist;
				IPHONEOS_DEPLOYMENT_TARGET = 12.1;
				LD_RUNPATH_SEARCH_PATHS = (
					"$(inherited)",
					"@executable_path/Frameworks",
				);
				PRODUCT_BUNDLE_IDENTIFIER = mjc.ac.kr.NoteToDo;
				PRODUCT_NAME = "$(TARGET_NAME)";
				SWIFT_VERSION = 4.2;
				TARGETED_DEVICE_FAMILY = "1,2";
			};
			name = Release;
		};
/* End XCBuildConfiguration section */

/* Begin XCConfigurationList section */
		3D0AC84322A54B29003F458C /* Build configuration list for PBXProject "NoteToDo" */ = {
			isa = XCConfigurationList;
			buildConfigurations = (
				3D0AC85B22A54B31003F458C /* Debug */,
				3D0AC85C22A54B31003F458C /* Release */,
			);
			defaultConfigurationIsVisible = 0;
			defaultConfigurationName = Release;
		};
		3D0AC85D22A54B31003F458C /* Build configuration list for PBXNativeTarget "NoteToDo" */ = {
			isa = XCConfigurationList;
			buildConfigurations = (
				3D0AC85E22A54B31003F458C /* Debug */,
				3D0AC85F22A54B31003F458C /* Release */,
			);
			defaultConfigurationIsVisible = 0;
			defaultConfigurationName = Release;
		};
/* End XCConfigurationList section */

/* Begin XCVersionGroup section */
		3D0AC85222A54B2A003F458C /* NoteToDo.xcdatamodeld */ = {
			isa = XCVersionGroup;
			children = (
				3D0AC85322A54B2A003F458C /* NoteToDo.xcdatamodel */,
			);
			currentVersion = 3D0AC85322A54B2A003F458C /* NoteToDo.xcdatamodel */;
			path = NoteToDo.xcdatamodeld;
			sourceTree = "<group>";
			versionGroupType = wrapper.xcdatamodel;
		};
/* End XCVersionGroup section */
	};
	rootObject = 3D0AC84022A54B29003F458C /* Project object */;
}
